
Microsoft Visual Studio Solution File, Format Version 12.00
# Visual Studio Version 17
VisualStudioVersion = 17.7.34302.85
MinimumVisualStudioVersion = 10.0.40219.1
Project("{FAE04EC0-301F-11D3-BF4B-00C04F79EFBC}") = "CurrencyConverterApi", "CurrencyConverterApi\CurrencyConverterApi.csproj", "{84A54F57-8AD1-44E8-B499-2C33FEE0DA54}"
EndProject
Project("{FAE04EC0-301F-11D3-BF4B-00C04F79EFBC}") = "CurrencyConverterApi.Tests", "CurrencyConverterApi.Tests\CurrencyConverterApi.Tests.csproj", "{8EE5236A-30BF-43EB-B7F1-F6773F845F75}"
EndProject
Global
	GlobalSection(SolutionConfigurationPlatforms) = preSolution
		Debug|Any CPU = Debug|Any CPU
		Release|Any CPU = Release|Any CPU
	EndGlobalSection
	GlobalSection(ProjectConfigurationPlatforms) = postSolution
		{84A54F57-8AD1-44E8-B499-2C33FEE0DA54}.Debug|Any CPU.ActiveCfg = Debug|Any CPU
		{84A54F57-8AD1-44E8-B499-2C33FEE0DA54}.Debug|Any CPU.Build.0 = Debug|Any CPU
		{84A54F57-8AD1-44E8-B499-2C33FEE0DA54}.Release|Any CPU.ActiveCfg = Release|Any CPU
		{84A54F57-8AD1-44E8-B499-2C33FEE0DA54}.Release|Any CPU.Build.0 = Release|Any CPU
		{8EE5236A-30BF-43EB-B7F1-F6773F845F75}.Debug|Any CPU.ActiveCfg = Debug|Any CPU
		{8EE5236A-30BF-43EB-B7F1-F6773F845F75}.Debug|Any CPU.Build.0 = Debug|Any CPU
		{8EE5236A-30BF-43EB-B7F1-F6773F845F75}.Release|Any CPU.ActiveCfg = Release|Any CPU
		{8EE5236A-30BF-43EB-B7F1-F6773F845F75}.Release|Any CPU.Build.0 = Release|Any CPU
	EndGlobalSection
	GlobalSection(SolutionProperties) = preSolution
		HideSolutionNode = FALSE
	EndGlobalSection
	GlobalSection(ExtensibilityGlobals) = postSolution
		SolutionGuid = {FD9F00A0-25D0-4199-9B6B-16E10EADE821}
	EndGlobalSection
EndGlobal
